// !$*UTF8*$!
{
	archiveVersion = 1;
	classes = {
	};
	objectVersion = 55;
	objects = {

/* Begin PBXBuildFile section */
		77EB5AF92712BBF200964479 /* AppDelegate.swift in Sources */ = {isa = PBXBuildFile; fileRef = 77EB5AF82712BBF200964479 /* AppDelegate.swift */; };
		77EB5AFB2712BBF200964479 /* SceneDelegate.swift in Sources */ = {isa = PBXBuildFile; fileRef = 77EB5AFA2712BBF200964479 /* SceneDelegate.swift */; };
		77EB5AFD2712BBF200964479 /* DailyWordsViewController.swift in Sources */ = {isa = PBXBuildFile; fileRef = 77EB5AFC2712BBF200964479 /* DailyWordsViewController.swift */; };
		77EB5B032712BBF200964479 /* CardzApp.xcdatamodeld in Sources */ = {isa = PBXBuildFile; fileRef = 77EB5B012712BBF200964479 /* CardzApp.xcdatamodeld */; };
		77EB5B052712BBF800964479 /* Assets.xcassets in Resources */ = {isa = PBXBuildFile; fileRef = 77EB5B042712BBF800964479 /* Assets.xcassets */; };
		77EB5B082712BBF800964479 /* LaunchScreen.storyboard in Resources */ = {isa = PBXBuildFile; fileRef = 77EB5B062712BBF800964479 /* LaunchScreen.storyboard */; };
		77EB5B132712BBF800964479 /* CardzAppTests.swift in Sources */ = {isa = PBXBuildFile; fileRef = 77EB5B122712BBF800964479 /* CardzAppTests.swift */; };
		77EB5B1D2712BBF900964479 /* CardzAppUITests.swift in Sources */ = {isa = PBXBuildFile; fileRef = 77EB5B1C2712BBF900964479 /* CardzAppUITests.swift */; };
		77EB5B2A2712C19900964479 /* UIColor+Extension.swift in Sources */ = {isa = PBXBuildFile; fileRef = 77EB5B292712C19700964479 /* UIColor+Extension.swift */; };
		77EB5B2E2712C4B000964479 /* DailyWordsPresenter.swift in Sources */ = {isa = PBXBuildFile; fileRef = 77EB5B2D2712C4B000964479 /* DailyWordsPresenter.swift */; };
		77EB5B332712C4D500964479 /* DailyWordsBuilder.swift in Sources */ = {isa = PBXBuildFile; fileRef = 77EB5B322712C4D500964479 /* DailyWordsBuilder.swift */; };
		77EB5B352712C57800964479 /* DailyWordsProtocol.swift in Sources */ = {isa = PBXBuildFile; fileRef = 77EB5B342712C57800964479 /* DailyWordsProtocol.swift */; };
		77EB5B372712C7CD00964479 /* TodayWordsView.swift in Sources */ = {isa = PBXBuildFile; fileRef = 77EB5B362712C7CD00964479 /* TodayWordsView.swift */; };
/* End PBXBuildFile section */

/* Begin PBXContainerItemProxy section */
		77EB5B0F2712BBF800964479 /* PBXContainerItemProxy */ = {
			isa = PBXContainerItemProxy;
			containerPortal = 77EB5AED2712BBF200964479 /* Project object */;
			proxyType = 1;
			remoteGlobalIDString = 77EB5AF42712BBF200964479;
			remoteInfo = CardzApp;
		};
		77EB5B192712BBF900964479 /* PBXContainerItemProxy */ = {
			isa = PBXContainerItemProxy;
			containerPortal = 77EB5AED2712BBF200964479 /* Project object */;
			proxyType = 1;
			remoteGlobalIDString = 77EB5AF42712BBF200964479;
			remoteInfo = CardzApp;
		};
/* End PBXContainerItemProxy section */

/* Begin PBXFileReference section */
		77EB5AF52712BBF200964479 /* CardzApp.app */ = {isa = PBXFileReference; explicitFileType = wrapper.application; includeInIndex = 0; path = CardzApp.app; sourceTree = BUILT_PRODUCTS_DIR; };
		77EB5AF82712BBF200964479 /* AppDelegate.swift */ = {isa = PBXFileReference; lastKnownFileType = sourcecode.swift; path = AppDelegate.swift; sourceTree = "<group>"; };
		77EB5AFA2712BBF200964479 /* SceneDelegate.swift */ = {isa = PBXFileReference; lastKnownFileType = sourcecode.swift; path = SceneDelegate.swift; sourceTree = "<group>"; };
		77EB5AFC2712BBF200964479 /* DailyWordsViewController.swift */ = {isa = PBXFileReference; lastKnownFileType = sourcecode.swift; path = DailyWordsViewController.swift; sourceTree = "<group>"; };
		77EB5B022712BBF200964479 /* CardzApp.xcdatamodel */ = {isa = PBXFileReference; lastKnownFileType = wrapper.xcdatamodel; path = CardzApp.xcdatamodel; sourceTree = "<group>"; };
		77EB5B042712BBF800964479 /* Assets.xcassets */ = {isa = PBXFileReference; lastKnownFileType = folder.assetcatalog; path = Assets.xcassets; sourceTree = "<group>"; };
		77EB5B072712BBF800964479 /* Base */ = {isa = PBXFileReference; lastKnownFileType = file.storyboard; name = Base; path = Base.lproj/LaunchScreen.storyboard; sourceTree = "<group>"; };
		77EB5B092712BBF800964479 /* Info.plist */ = {isa = PBXFileReference; lastKnownFileType = text.plist.xml; path = Info.plist; sourceTree = "<group>"; };
		77EB5B0E2712BBF800964479 /* CardzAppTests.xctest */ = {isa = PBXFileReference; explicitFileType = wrapper.cfbundle; includeInIndex = 0; path = CardzAppTests.xctest; sourceTree = BUILT_PRODUCTS_DIR; };
		77EB5B122712BBF800964479 /* CardzAppTests.swift */ = {isa = PBXFileReference; lastKnownFileType = sourcecode.swift; path = CardzAppTests.swift; sourceTree = "<group>"; };
		77EB5B182712BBF900964479 /* CardzAppUITests.xctest */ = {isa = PBXFileReference; explicitFileType = wrapper.cfbundle; includeInIndex = 0; path = CardzAppUITests.xctest; sourceTree = BUILT_PRODUCTS_DIR; };
		77EB5B1C2712BBF900964479 /* CardzAppUITests.swift */ = {isa = PBXFileReference; lastKnownFileType = sourcecode.swift; path = CardzAppUITests.swift; sourceTree = "<group>"; };
		77EB5B292712C19700964479 /* UIColor+Extension.swift */ = {isa = PBXFileReference; lastKnownFileType = sourcecode.swift; path = "UIColor+Extension.swift"; sourceTree = "<group>"; };
		77EB5B2D2712C4B000964479 /* DailyWordsPresenter.swift */ = {isa = PBXFileReference; lastKnownFileType = sourcecode.swift; path = DailyWordsPresenter.swift; sourceTree = "<group>"; };
		77EB5B322712C4D500964479 /* DailyWordsBuilder.swift */ = {isa = PBXFileReference; lastKnownFileType = sourcecode.swift; path = DailyWordsBuilder.swift; sourceTree = "<group>"; };
		77EB5B342712C57800964479 /* DailyWordsProtocol.swift */ = {isa = PBXFileReference; lastKnownFileType = sourcecode.swift; path = DailyWordsProtocol.swift; sourceTree = "<group>"; };
		77EB5B362712C7CD00964479 /* TodayWordsView.swift */ = {isa = PBXFileReference; lastKnownFileType = sourcecode.swift; path = TodayWordsView.swift; sourceTree = "<group>"; };
/* End PBXFileReference section */

/* Begin PBXFrameworksBuildPhase section */
		77EB5AF22712BBF200964479 /* Frameworks */ = {
			isa = PBXFrameworksBuildPhase;
			buildActionMask = 2147483647;
			files = (
			);
			runOnlyForDeploymentPostprocessing = 0;
		};
		77EB5B0B2712BBF800964479 /* Frameworks */ = {
			isa = PBXFrameworksBuildPhase;
			buildActionMask = 2147483647;
			files = (
			);
			runOnlyForDeploymentPostprocessing = 0;
		};
		77EB5B152712BBF900964479 /* Frameworks */ = {
			isa = PBXFrameworksBuildPhase;
			buildActionMask = 2147483647;
			files = (
			);
			runOnlyForDeploymentPostprocessing = 0;
		};
/* End PBXFrameworksBuildPhase section */

/* Begin PBXGroup section */
		77EB5AEC2712BBF200964479 = {
			isa = PBXGroup;
			children = (
				77EB5AF72712BBF200964479 /* CardzApp */,
				77EB5B112712BBF800964479 /* CardzAppTests */,
				77EB5B1B2712BBF900964479 /* CardzAppUITests */,
				77EB5AF62712BBF200964479 /* Products */,
			);
			sourceTree = "<group>";
		};
		77EB5AF62712BBF200964479 /* Products */ = {
			isa = PBXGroup;
			children = (
				77EB5AF52712BBF200964479 /* CardzApp.app */,
				77EB5B0E2712BBF800964479 /* CardzAppTests.xctest */,
				77EB5B182712BBF900964479 /* CardzAppUITests.xctest */,
			);
			name = Products;
			sourceTree = "<group>";
		};
		77EB5AF72712BBF200964479 /* CardzApp */ = {
			isa = PBXGroup;
			children = (
				77EB5B2C2712C2F600964479 /* Helpers */,
				77EB5B2F2712C4B400964479 /* DailyWordsModule */,
				77EB5B382712C7D100964479 /* Moriah */,
				77EB5B042712BBF800964479 /* Assets.xcassets */,
				77EB5B062712BBF800964479 /* LaunchScreen.storyboard */,
				77EB5B092712BBF800964479 /* Info.plist */,
				77EB5B012712BBF200964479 /* CardzApp.xcdatamodeld */,
			);
			path = CardzApp;
			sourceTree = "<group>";
		};
		77EB5B112712BBF800964479 /* CardzAppTests */ = {
			isa = PBXGroup;
			children = (
				77EB5B122712BBF800964479 /* CardzAppTests.swift */,
			);
			path = CardzAppTests;
			sourceTree = "<group>";
		};
		77EB5B1B2712BBF900964479 /* CardzAppUITests */ = {
			isa = PBXGroup;
			children = (
				77EB5B1C2712BBF900964479 /* CardzAppUITests.swift */,
			);
			path = CardzAppUITests;
			sourceTree = "<group>";
		};
		77EB5B2B2712C19E00964479 /* Extensions */ = {
			isa = PBXGroup;
			children = (
				77EB5B292712C19700964479 /* UIColor+Extension.swift */,
			);
			path = Extensions;
			sourceTree = "<group>";
		};
		77EB5B2C2712C2F600964479 /* Helpers */ = {
			isa = PBXGroup;
			children = (
				77EB5B2B2712C19E00964479 /* Extensions */,
				77EB5AF82712BBF200964479 /* AppDelegate.swift */,
				77EB5AFA2712BBF200964479 /* SceneDelegate.swift */,
			);
			path = Helpers;
			sourceTree = "<group>";
		};
		77EB5B2F2712C4B400964479 /* DailyWordsModule */ = {
			isa = PBXGroup;
			children = (
				77EB5B302712C4B800964479 /* View */,
				77EB5B312712C4BD00964479 /* Presenter */,
				77EB5B322712C4D500964479 /* DailyWordsBuilder.swift */,
				77EB5B342712C57800964479 /* DailyWordsProtocol.swift */,
			);
			path = DailyWordsModule;
			sourceTree = "<group>";
		};
		77EB5B302712C4B800964479 /* View */ = {
			isa = PBXGroup;
			children = (
				77EB5AFC2712BBF200964479 /* DailyWordsViewController.swift */,
			);
			path = View;
			sourceTree = "<group>";
		};
		77EB5B312712C4BD00964479 /* Presenter */ = {
			isa = PBXGroup;
			children = (
				77EB5B2D2712C4B000964479 /* DailyWordsPresenter.swift */,
			);
			path = Presenter;
			sourceTree = "<group>";
		};
		77EB5B382712C7D100964479 /* Moriah */ = {
			isa = PBXGroup;
			children = (
				77EB5B362712C7CD00964479 /* TodayWordsView.swift */,
			);
			path = Moriah;
			sourceTree = "<group>";
		};
/* End PBXGroup section */

/* Begin PBXNativeTarget section */
		77EB5AF42712BBF200964479 /* CardzApp */ = {
			isa = PBXNativeTarget;
			buildConfigurationList = 77EB5B202712BBF900964479 /* Build configuration list for PBXNativeTarget "CardzApp" */;
			buildPhases = (
				77EB5AF12712BBF200964479 /* Sources */,
				77EB5AF22712BBF200964479 /* Frameworks */,
				77EB5AF32712BBF200964479 /* Resources */,
			);
			buildRules = (
			);
			dependencies = (
			);
			name = CardzApp;
			productName = CardzApp;
			productReference = 77EB5AF52712BBF200964479 /* CardzApp.app */;
			productType = "com.apple.product-type.application";
		};
		77EB5B0D2712BBF800964479 /* CardzAppTests */ = {
			isa = PBXNativeTarget;
			buildConfigurationList = 77EB5B232712BBF900964479 /* Build configuration list for PBXNativeTarget "CardzAppTests" */;
			buildPhases = (
				77EB5B0A2712BBF800964479 /* Sources */,
				77EB5B0B2712BBF800964479 /* Frameworks */,
				77EB5B0C2712BBF800964479 /* Resources */,
			);
			buildRules = (
			);
			dependencies = (
				77EB5B102712BBF800964479 /* PBXTargetDependency */,
			);
			name = CardzAppTests;
			productName = CardzAppTests;
			productReference = 77EB5B0E2712BBF800964479 /* CardzAppTests.xctest */;
			productType = "com.apple.product-type.bundle.unit-test";
		};
		77EB5B172712BBF900964479 /* CardzAppUITests */ = {
			isa = PBXNativeTarget;
			buildConfigurationList = 77EB5B262712BBF900964479 /* Build configuration list for PBXNativeTarget "CardzAppUITests" */;
			buildPhases = (
				77EB5B142712BBF900964479 /* Sources */,
				77EB5B152712BBF900964479 /* Frameworks */,
				77EB5B162712BBF900964479 /* Resources */,
			);
			buildRules = (
			);
			dependencies = (
				77EB5B1A2712BBF900964479 /* PBXTargetDependency */,
			);
			name = CardzAppUITests;
			productName = CardzAppUITests;
			productReference = 77EB5B182712BBF900964479 /* CardzAppUITests.xctest */;
			productType = "com.apple.product-type.bundle.ui-testing";
		};
/* End PBXNativeTarget section */

/* Begin PBXProject section */
		77EB5AED2712BBF200964479 /* Project object */ = {
			isa = PBXProject;
			attributes = {
				BuildIndependentTargetsInParallel = 1;
				LastSwiftUpdateCheck = 1300;
				LastUpgradeCheck = 1300;
				TargetAttributes = {
					77EB5AF42712BBF200964479 = {
						CreatedOnToolsVersion = 13.0;
					};
					77EB5B0D2712BBF800964479 = {
						CreatedOnToolsVersion = 13.0;
						TestTargetID = 77EB5AF42712BBF200964479;
					};
					77EB5B172712BBF900964479 = {
						CreatedOnToolsVersion = 13.0;
						TestTargetID = 77EB5AF42712BBF200964479;
					};
				};
			};
			buildConfigurationList = 77EB5AF02712BBF200964479 /* Build configuration list for PBXProject "CardzApp" */;
			compatibilityVersion = "Xcode 13.0";
			developmentRegion = en;
			hasScannedForEncodings = 0;
			knownRegions = (
				en,
				Base,
			);
			mainGroup = 77EB5AEC2712BBF200964479;
			productRefGroup = 77EB5AF62712BBF200964479 /* Products */;
			projectDirPath = "";
			projectRoot = "";
			targets = (
				77EB5AF42712BBF200964479 /* CardzApp */,
				77EB5B0D2712BBF800964479 /* CardzAppTests */,
				77EB5B172712BBF900964479 /* CardzAppUITests */,
			);
		};
/* End PBXProject section */

/* Begin PBXResourcesBuildPhase section */
		77EB5AF32712BBF200964479 /* Resources */ = {
			isa = PBXResourcesBuildPhase;
			buildActionMask = 2147483647;
			files = (
				77EB5B082712BBF800964479 /* LaunchScreen.storyboard in Resources */,
				77EB5B052712BBF800964479 /* Assets.xcassets in Resources */,
			);
			runOnlyForDeploymentPostprocessing = 0;
		};
		77EB5B0C2712BBF800964479 /* Resources */ = {
			isa = PBXResourcesBuildPhase;
			buildActionMask = 2147483647;
			files = (
			);
			runOnlyForDeploymentPostprocessing = 0;
		};
		77EB5B162712BBF900964479 /* Resources */ = {
			isa = PBXResourcesBuildPhase;
			buildActionMask = 2147483647;
			files = (
			);
			runOnlyForDeploymentPostprocessing = 0;
		};
/* End PBXResourcesBuildPhase section */

/* Begin PBXSourcesBuildPhase section */
		77EB5AF12712BBF200964479 /* Sources */ = {
			isa = PBXSourcesBuildPhase;
			buildActionMask = 2147483647;
			files = (
				77EB5B372712C7CD00964479 /* TodayWordsView.swift in Sources */,
				77EB5B2E2712C4B000964479 /* DailyWordsPresenter.swift in Sources */,
				77EB5B332712C4D500964479 /* DailyWordsBuilder.swift in Sources */,
				77EB5AFD2712BBF200964479 /* DailyWordsViewController.swift in Sources */,
				77EB5AF92712BBF200964479 /* AppDelegate.swift in Sources */,
				77EB5B032712BBF200964479 /* CardzApp.xcdatamodeld in Sources */,
				77EB5AFB2712BBF200964479 /* SceneDelegate.swift in Sources */,
				77EB5B2A2712C19900964479 /* UIColor+Extension.swift in Sources */,
				77EB5B352712C57800964479 /* DailyWordsProtocol.swift in Sources */,
			);
			runOnlyForDeploymentPostprocessing = 0;
		};
		77EB5B0A2712BBF800964479 /* Sources */ = {
			isa = PBXSourcesBuildPhase;
			buildActionMask = 2147483647;
			files = (
				77EB5B132712BBF800964479 /* CardzAppTests.swift in Sources */,
			);
			runOnlyForDeploymentPostprocessing = 0;
		};
		77EB5B142712BBF900964479 /* Sources */ = {
			isa = PBXSourcesBuildPhase;
			buildActionMask = 2147483647;
			files = (
				77EB5B1D2712BBF900964479 /* CardzAppUITests.swift in Sources */,
			);
			runOnlyForDeploymentPostprocessing = 0;
		};
/* End PBXSourcesBuildPhase section */

/* Begin PBXTargetDependency section */
		77EB5B102712BBF800964479 /* PBXTargetDependency */ = {
			isa = PBXTargetDependency;
			target = 77EB5AF42712BBF200964479 /* CardzApp */;
			targetProxy = 77EB5B0F2712BBF800964479 /* PBXContainerItemProxy */;
		};
		77EB5B1A2712BBF900964479 /* PBXTargetDependency */ = {
			isa = PBXTargetDependency;
			target = 77EB5AF42712BBF200964479 /* CardzApp */;
			targetProxy = 77EB5B192712BBF900964479 /* PBXContainerItemProxy */;
		};
/* End PBXTargetDependency section */

/* Begin PBXVariantGroup section */
		77EB5B062712BBF800964479 /* LaunchScreen.storyboard */ = {
			isa = PBXVariantGroup;
			children = (
				77EB5B072712BBF800964479 /* Base */,
			);
			name = LaunchScreen.storyboard;
			sourceTree = "<group>";
		};
/* End PBXVariantGroup section */

/* Begin XCBuildConfiguration section */
		77EB5B1E2712BBF900964479 /* Debug */ = {
			isa = XCBuildConfiguration;
			buildSettings = {
				ALWAYS_SEARCH_USER_PATHS = NO;
				CLANG_ANALYZER_NONNULL = YES;
				CLANG_ANALYZER_NUMBER_OBJECT_CONVERSION = YES_AGGRESSIVE;
				CLANG_CXX_LANGUAGE_STANDARD = "gnu++14";
				CLANG_CXX_LIBRARY = "libc++";
				CLANG_ENABLE_MODULES = YES;
				CLANG_ENABLE_OBJC_ARC = YES;
				CLANG_ENABLE_OBJC_WEAK = YES;
				CLANG_WARN_BLOCK_CAPTURE_AUTORELEASING = YES;
				CLANG_WARN_BOOL_CONVERSION = YES;
				CLANG_WARN_COMMA = YES;
				CLANG_WARN_CONSTANT_CONVERSION = YES;
				CLANG_WARN_DEPRECATED_OBJC_IMPLEMENTATIONS = YES;
				CLANG_WARN_DIRECT_OBJC_ISA_USAGE = YES_ERROR;
				CLANG_WARN_DOCUMENTATION_COMMENTS = YES;
				CLANG_WARN_EMPTY_BODY = YES;
				CLANG_WARN_ENUM_CONVERSION = YES;
				CLANG_WARN_INFINITE_RECURSION = YES;
				CLANG_WARN_INT_CONVERSION = YES;
				CLANG_WARN_NON_LITERAL_NULL_CONVERSION = YES;
				CLANG_WARN_OBJC_IMPLICIT_RETAIN_SELF = YES;
				CLANG_WARN_OBJC_LITERAL_CONVERSION = YES;
				CLANG_WARN_OBJC_ROOT_CLASS = YES_ERROR;
				CLANG_WARN_QUOTED_INCLUDE_IN_FRAMEWORK_HEADER = YES;
				CLANG_WARN_RANGE_LOOP_ANALYSIS = YES;
				CLANG_WARN_STRICT_PROTOTYPES = YES;
				CLANG_WARN_SUSPICIOUS_MOVE = YES;
				CLANG_WARN_UNGUARDED_AVAILABILITY = YES_AGGRESSIVE;
				CLANG_WARN_UNREACHABLE_CODE = YES;
				CLANG_WARN__DUPLICATE_METHOD_MATCH = YES;
				COPY_PHASE_STRIP = NO;
				DEBUG_INFORMATION_FORMAT = dwarf;
				ENABLE_STRICT_OBJC_MSGSEND = YES;
				ENABLE_TESTABILITY = YES;
				GCC_C_LANGUAGE_STANDARD = gnu11;
				GCC_DYNAMIC_NO_PIC = NO;
				GCC_NO_COMMON_BLOCKS = YES;
				GCC_OPTIMIZATION_LEVEL = 0;
				GCC_PREPROCESSOR_DEFINITIONS = (
					"DEBUG=1",
					"$(inherited)",
				);
				GCC_WARN_64_TO_32_BIT_CONVERSION = YES;
				GCC_WARN_ABOUT_RETURN_TYPE = YES_ERROR;
				GCC_WARN_UNDECLARED_SELECTOR = YES;
				GCC_WARN_UNINITIALIZED_AUTOS = YES_AGGRESSIVE;
				GCC_WARN_UNUSED_FUNCTION = YES;
				GCC_WARN_UNUSED_VARIABLE = YES;
				IPHONEOS_DEPLOYMENT_TARGET = 15.0;
				MTL_ENABLE_DEBUG_INFO = INCLUDE_SOURCE;
				MTL_FAST_MATH = YES;
				ONLY_ACTIVE_ARCH = YES;
				SDKROOT = iphoneos;
				SWIFT_ACTIVE_COMPILATION_CONDITIONS = DEBUG;
				SWIFT_OPTIMIZATION_LEVEL = "-Onone";
			};
			name = Debug;
		};
		77EB5B1F2712BBF900964479 /* Release */ = {
			isa = XCBuildConfiguration;
			buildSettings = {
				ALWAYS_SEARCH_USER_PATHS = NO;
				CLANG_ANALYZER_NONNULL = YES;
				CLANG_ANALYZER_NUMBER_OBJECT_CONVERSION = YES_AGGRESSIVE;
				CLANG_CXX_LANGUAGE_STANDARD = "gnu++14";
				CLANG_CXX_LIBRARY = "libc++";
				CLANG_ENABLE_MODULES = YES;
				CLANG_ENABLE_OBJC_ARC = YES;
				CLANG_ENABLE_OBJC_WEAK = YES;
				CLANG_WARN_BLOCK_CAPTURE_AUTORELEASING = YES;
				CLANG_WARN_BOOL_CONVERSION = YES;
				CLANG_WARN_COMMA = YES;
				CLANG_WARN_CONSTANT_CONVERSION = YES;
				CLANG_WARN_DEPRECATED_OBJC_IMPLEMENTATIONS = YES;
				CLANG_WARN_DIRECT_OBJC_ISA_USAGE = YES_ERROR;
				CLANG_WARN_DOCUMENTATION_COMMENTS = YES;
				CLANG_WARN_EMPTY_BODY = YES;
				CLANG_WARN_ENUM_CONVERSION = YES;
				CLANG_WARN_INFINITE_RECURSION = YES;
				CLANG_WARN_INT_CONVERSION = YES;
				CLANG_WARN_NON_LITERAL_NULL_CONVERSION = YES;
				CLANG_WARN_OBJC_IMPLICIT_RETAIN_SELF = YES;
				CLANG_WARN_OBJC_LITERAL_CONVERSION = YES;
				CLANG_WARN_OBJC_ROOT_CLASS = YES_ERROR;
				CLANG_WARN_QUOTED_INCLUDE_IN_FRAMEWORK_HEADER = YES;
				CLANG_WARN_RANGE_LOOP_ANALYSIS = YES;
				CLANG_WARN_STRICT_PROTOTYPES = YES;
				CLANG_WARN_SUSPICIOUS_MOVE = YES;
				CLANG_WARN_UNGUARDED_AVAILABILITY = YES_AGGRESSIVE;
				CLANG_WARN_UNREACHABLE_CODE = YES;
				CLANG_WARN__DUPLICATE_METHOD_MATCH = YES;
				COPY_PHASE_STRIP = NO;
				DEBUG_INFORMATION_FORMAT = "dwarf-with-dsym";
				ENABLE_NS_ASSERTIONS = NO;
				ENABLE_STRICT_OBJC_MSGSEND = YES;
				GCC_C_LANGUAGE_STANDARD = gnu11;
				GCC_NO_COMMON_BLOCKS = YES;
				GCC_WARN_64_TO_32_BIT_CONVERSION = YES;
				GCC_WARN_ABOUT_RETURN_TYPE = YES_ERROR;
				GCC_WARN_UNDECLARED_SELECTOR = YES;
				GCC_WARN_UNINITIALIZED_AUTOS = YES_AGGRESSIVE;
				GCC_WARN_UNUSED_FUNCTION = YES;
				GCC_WARN_UNUSED_VARIABLE = YES;
				IPHONEOS_DEPLOYMENT_TARGET = 15.0;
				MTL_ENABLE_DEBUG_INFO = NO;
				MTL_FAST_MATH = YES;
				SDKROOT = iphoneos;
				SWIFT_COMPILATION_MODE = wholemodule;
				SWIFT_OPTIMIZATION_LEVEL = "-O";
				VALIDATE_PRODUCT = YES;
			};
			name = Release;
		};
		77EB5B212712BBF900964479 /* Debug */ = {
			isa = XCBuildConfiguration;
			buildSettings = {
				ASSETCATALOG_COMPILER_APPICON_NAME = AppIcon;
				ASSETCATALOG_COMPILER_GLOBAL_ACCENT_COLOR_NAME = AccentColor;
				CODE_SIGN_STYLE = Automatic;
				CURRENT_PROJECT_VERSION = 1;
				DEVELOPMENT_TEAM = X92LK22555;
				GENERATE_INFOPLIST_FILE = YES;
				INFOPLIST_FILE = CardzApp/Info.plist;
				INFOPLIST_KEY_CFBundleExecutable = CardzApp;
				INFOPLIST_KEY_CFBundleName = CardzApp;
				INFOPLIST_KEY_CFBundleVersion = 1;
				INFOPLIST_KEY_UIApplicationSupportsIndirectInputEvents = YES;
				INFOPLIST_KEY_UILaunchStoryboardName = LaunchScreen;
				INFOPLIST_KEY_UISupportedInterfaceOrientations_iPad = "UIInterfaceOrientationPortrait UIInterfaceOrientationPortraitUpsideDown UIInterfaceOrientationLandscapeLeft UIInterfaceOrientationLandscapeRight";
				INFOPLIST_KEY_UISupportedInterfaceOrientations_iPhone = "UIInterfaceOrientationPortrait UIInterfaceOrientationLandscapeLeft UIInterfaceOrientationLandscapeRight";
				LD_RUNPATH_SEARCH_PATHS = (
					"$(inherited)",
					"@executable_path/Frameworks",
				);
				MARKETING_VERSION = 1.0;
				PRODUCT_BUNDLE_IDENTIFIER = Revolvetra.CardzApp;
				PRODUCT_NAME = "$(TARGET_NAME)";
				SWIFT_EMIT_LOC_STRINGS = YES;
				SWIFT_VERSION = 5.0;
				TARGETED_DEVICE_FAMILY = "1,2";
			};
			name = Debug;
		};
		77EB5B222712BBF900964479 /* Release */ = {
			isa = XCBuildConfiguration;
			buildSettings = {
				ASSETCATALOG_COMPILER_APPICON_NAME = AppIcon;
				ASSETCATALOG_COMPILER_GLOBAL_ACCENT_COLOR_NAME = AccentColor;
				CODE_SIGN_STYLE = Automatic;
				CURRENT_PROJECT_VERSION = 1;
				DEVELOPMENT_TEAM = X92LK22555;
				GENERATE_INFOPLIST_FILE = YES;
				INFOPLIST_FILE = CardzApp/Info.plist;
				INFOPLIST_KEY_CFBundleExecutable = CardzApp;
				INFOPLIST_KEY_CFBundleName = CardzApp;
				INFOPLIST_KEY_CFBundleVersion = 1;
				INFOPLIST_KEY_UIApplicationSupportsIndirectInputEvents = YES;
				INFOPLIST_KEY_UILaunchStoryboardName = LaunchScreen;
				INFOPLIST_KEY_UISupportedInterfaceOrientations_iPad = "UIInterfaceOrientationPortrait UIInterfaceOrientationPortraitUpsideDown UIInterfaceOrientationLandscapeLeft UIInterfaceOrientationLandscapeRight";
				INFOPLIST_KEY_UISupportedInterfaceOrientations_iPhone = "UIInterfaceOrientationPortrait UIInterfaceOrientationLandscapeLeft UIInterfaceOrientationLandscapeRight";
				LD_RUNPATH_SEARCH_PATHS = (
					"$(inherited)",
					"@executable_path/Frameworks",
				);
				MARKETING_VERSION = 1.0;
				PRODUCT_BUNDLE_IDENTIFIER = Revolvetra.CardzApp;
				PRODUCT_NAME = "$(TARGET_NAME)";
				SWIFT_EMIT_LOC_STRINGS = YES;
				SWIFT_VERSION = 5.0;
				TARGETED_DEVICE_FAMILY = "1,2";
			};
			name = Release;
		};
		77EB5B242712BBF900964479 /* Debug */ = {
			isa = XCBuildConfiguration;
			buildSettings = {
				ALWAYS_EMBED_SWIFT_STANDARD_LIBRARIES = YES;
				BUNDLE_LOADER = "$(TEST_HOST)";
				CODE_SIGN_STYLE = Automatic;
				CURRENT_PROJECT_VERSION = 1;
				DEVELOPMENT_TEAM = X92LK22555;
				GENERATE_INFOPLIST_FILE = YES;
				IPHONEOS_DEPLOYMENT_TARGET = 15.0;
				LD_RUNPATH_SEARCH_PATHS = (
					"$(inherited)",
					"@executable_path/Frameworks",
					"@loader_path/Frameworks",
				);
				MARKETING_VERSION = 1.0;
				PRODUCT_BUNDLE_IDENTIFIER = Revolvetra.CardzAppTests;
				PRODUCT_NAME = "$(TARGET_NAME)";
				SWIFT_EMIT_LOC_STRINGS = NO;
				SWIFT_VERSION = 5.0;
				TARGETED_DEVICE_FAMILY = "1,2";
				TEST_HOST = "$(BUILT_PRODUCTS_DIR)/CardzApp.app/CardzApp";
			};
			name = Debug;
		};
		77EB5B252712BBF900964479 /* Release */ = {
			isa = XCBuildConfiguration;
			buildSettings = {
				ALWAYS_EMBED_SWIFT_STANDARD_LIBRARIES = YES;
				BUNDLE_LOADER = "$(TEST_HOST)";
				CODE_SIGN_STYLE = Automatic;
				CURRENT_PROJECT_VERSION = 1;
				DEVELOPMENT_TEAM = X92LK22555;
				GENERATE_INFOPLIST_FILE = YES;
				IPHONEOS_DEPLOYMENT_TARGET = 15.0;
				LD_RUNPATH_SEARCH_PATHS = (
					"$(inherited)",
					"@executable_path/Frameworks",
					"@loader_path/Frameworks",
				);
				MARKETING_VERSION = 1.0;
				PRODUCT_BUNDLE_IDENTIFIER = Revolvetra.CardzAppTests;
				PRODUCT_NAME = "$(TARGET_NAME)";
				SWIFT_EMIT_LOC_STRINGS = NO;
				SWIFT_VERSION = 5.0;
				TARGETED_DEVICE_FAMILY = "1,2";
				TEST_HOST = "$(BUILT_PRODUCTS_DIR)/CardzApp.app/CardzApp";
			};
			name = Release;
		};
		77EB5B272712BBF900964479 /* Debug */ = {
			isa = XCBuildConfiguration;
			buildSettings = {
				ALWAYS_EMBED_SWIFT_STANDARD_LIBRARIES = YES;
				CODE_SIGN_STYLE = Automatic;
				CURRENT_PROJECT_VERSION = 1;
				DEVELOPMENT_TEAM = X92LK22555;
				GENERATE_INFOPLIST_FILE = YES;
				LD_RUNPATH_SEARCH_PATHS = (
					"$(inherited)",
					"@executable_path/Frameworks",
					"@loader_path/Frameworks",
				);
				MARKETING_VERSION = 1.0;
				PRODUCT_BUNDLE_IDENTIFIER = Revolvetra.CardzAppUITests;
				PRODUCT_NAME = "$(TARGET_NAME)";
				SWIFT_EMIT_LOC_STRINGS = NO;
				SWIFT_VERSION = 5.0;
				TARGETED_DEVICE_FAMILY = "1,2";
				TEST_TARGET_NAME = CardzApp;
			};
			name = Debug;
		};
		77EB5B282712BBF900964479 /* Release */ = {
			isa = XCBuildConfiguration;
			buildSettings = {
				ALWAYS_EMBED_SWIFT_STANDARD_LIBRARIES = YES;
				CODE_SIGN_STYLE = Automatic;
				CURRENT_PROJECT_VERSION = 1;
				DEVELOPMENT_TEAM = X92LK22555;
				GENERATE_INFOPLIST_FILE = YES;
				LD_RUNPATH_SEARCH_PATHS = (
					"$(inherited)",
					"@executable_path/Frameworks",
					"@loader_path/Frameworks",
				);
				MARKETING_VERSION = 1.0;
				PRODUCT_BUNDLE_IDENTIFIER = Revolvetra.CardzAppUITests;
				PRODUCT_NAME = "$(TARGET_NAME)";
				SWIFT_EMIT_LOC_STRINGS = NO;
				SWIFT_VERSION = 5.0;
				TARGETED_DEVICE_FAMILY = "1,2";
				TEST_TARGET_NAME = CardzApp;
			};
			name = Release;
		};
/* End XCBuildConfiguration section */

/* Begin XCConfigurationList section */
		77EB5AF02712BBF200964479 /* Build configuration list for PBXProject "CardzApp" */ = {
			isa = XCConfigurationList;
			buildConfigurations = (
				77EB5B1E2712BBF900964479 /* Debug */,
				77EB5B1F2712BBF900964479 /* Release */,
			);
			defaultConfigurationIsVisible = 0;
			defaultConfigurationName = Release;
		};
		77EB5B202712BBF900964479 /* Build configuration list for PBXNativeTarget "CardzApp" */ = {
			isa = XCConfigurationList;
			buildConfigurations = (
				77EB5B212712BBF900964479 /* Debug */,
				77EB5B222712BBF900964479 /* Release */,
			);
			defaultConfigurationIsVisible = 0;
			defaultConfigurationName = Release;
		};
		77EB5B232712BBF900964479 /* Build configuration list for PBXNativeTarget "CardzAppTests" */ = {
			isa = XCConfigurationList;
			buildConfigurations = (
				77EB5B242712BBF900964479 /* Debug */,
				77EB5B252712BBF900964479 /* Release */,
			);
			defaultConfigurationIsVisible = 0;
			defaultConfigurationName = Release;
		};
		77EB5B262712BBF900964479 /* Build configuration list for PBXNativeTarget "CardzAppUITests" */ = {
			isa = XCConfigurationList;
			buildConfigurations = (
				77EB5B272712BBF900964479 /* Debug */,
				77EB5B282712BBF900964479 /* Release */,
			);
			defaultConfigurationIsVisible = 0;
			defaultConfigurationName = Release;
		};
/* End XCConfigurationList section */

/* Begin XCVersionGroup section */
		77EB5B012712BBF200964479 /* CardzApp.xcdatamodeld */ = {
			isa = XCVersionGroup;
			children = (
				77EB5B022712BBF200964479 /* CardzApp.xcdatamodel */,
			);
			currentVersion = 77EB5B022712BBF200964479 /* CardzApp.xcdatamodel */;
			path = CardzApp.xcdatamodeld;
			sourceTree = "<group>";
			versionGroupType = wrapper.xcdatamodel;
		};
/* End XCVersionGroup section */
	};
	rootObject = 77EB5AED2712BBF200964479 /* Project object */;
}
